
Microsoft Visual Studio Solution File, Format Version 12.00
# Visual Studio 15
VisualStudioVersion = 15.0.27130.2020
MinimumVisualStudioVersion = 10.0.40219.1
Project("{FAE04EC0-301F-11D3-BF4B-00C04F79EFBC}") = "TimeSeriesAnalysis", "TimeSeriesAnalysis.csproj", "{94B52089-5070-464C-AD77-42D31A7AFE46}"
EndProject
Project("{2150E333-8FDC-42A3-9474-1A3956D46DE8}") = "Documentation", "Documentation", "{9358D248-6634-464C-AA0A-D1DF05C93AA5}"
	ProjectSection(SolutionItems) = preProject
		..\..\asdf\STL_Aluminum.csv = ..\..\asdf\STL_Aluminum.csv
		..\..\asdf\STL_Brent.csv = ..\..\asdf\STL_Brent.csv
		..\..\asdf\STL_Copper.csv = ..\..\asdf\STL_Copper.csv
		..\..\asdf\STL_EuroDolar.csv = ..\..\asdf\STL_EuroDolar.csv
		..\..\asdf\STL_Molybdenum.csv = ..\..\asdf\STL_Molybdenum.csv
		..\..\asdf\STL_Nickel.csv = ..\..\asdf\STL_Nickel.csv
		..\..\asdf\STL_Tin.csv = ..\..\asdf\STL_Tin.csv
	EndProjectSection
EndProject
Global
	GlobalSection(SolutionConfigurationPlatforms) = preSolution
		Debug|Any CPU = Debug|Any CPU
		Release|Any CPU = Release|Any CPU
	EndGlobalSection
	GlobalSection(ProjectConfigurationPlatforms) = postSolution
		{94B52089-5070-464C-AD77-42D31A7AFE46}.Debug|Any CPU.ActiveCfg = Debug|Any CPU
		{94B52089-5070-464C-AD77-42D31A7AFE46}.Debug|Any CPU.Build.0 = Debug|Any CPU
		{94B52089-5070-464C-AD77-42D31A7AFE46}.Release|Any CPU.ActiveCfg = Release|Any CPU
		{94B52089-5070-464C-AD77-42D31A7AFE46}.Release|Any CPU.Build.0 = Release|Any CPU
	EndGlobalSection
	GlobalSection(SolutionProperties) = preSolution
		HideSolutionNode = FALSE
	EndGlobalSection
	GlobalSection(ExtensibilityGlobals) = postSolution
		SolutionGuid = {2BF87A83-3A00-4141-AFA5-87A04A379B64}
	EndGlobalSection
EndGlobal
